{
  "name": "pickle-rick-cli",
  "version": "0.1.0",
  "lockfileVersion": 3,
  "requires": true,
  "packages": {
    "": {
      "name": "pickle-rick-cli",
      "version": "0.1.0",
      "license": "MIT",
      "dependencies": {
        "@opentui/core": "0.5.1",
        "commander": "^13.0.0",
        "emscripten": "^0.0.2-beta",
        "gameboy-emulator": "^1.1.2",
        "opentui-gameboy": "^0.1.0",
        "picocolors": "^1.1.0",
        "serverboy": "^0.0.7",
        "simple-git": "^3.27.0",
        "yaml": "^2.7.0",
        "zod": "^3.24.0"
      },
      "bin": {
        "pickle": "bin.js"
      },
      "devDependencies": {
        "@types/bun": "*",
        "typescript": "^5.3.0"
      },
      "engines": {
        "bun": ">=1.0.0"
      }
    },
    "node_modules/@kwsites/file-exists": {
      "version": "1.1.1",
      "license": "MIT",
      "dependencies": {
        "debug": "^4.1.1"
      }
    },
    "node_modules/@kwsites/promise-deferred": {
      "version": "1.1.1",
      "license": "MIT"
    },
    "node_modules/@opentui/core": {
      "version": "0.5.1",
      "resolved": "https://registry.npmjs.org/@opentui/core/-/core-0.5.1.tgz",
      "integrity": "sha512-mIBFyqIP4rkhQ35uldLXWawWQ6S9tvNWvmxGmDJ7W9cLXjegG6gKEfZ/4NyIMma755ERs/sqO/pIh3Ytf3DDFg==",
      "license": "MIT",
      "dependencies": {
        "bun-ffi-structs": "0.3.1",
        "diff": "9.0.0",
        "marked": "17.0.1",
        "string-width": "7.2.0",
        "strip-ansi": "7.1.2"
      },
      "optionalDependencies": {
        "@opentui/core-darwin-arm64": "0.5.1",
        "@opentui/core-darwin-x64": "0.5.1",
        "@opentui/core-linux-arm64": "0.5.1",
        "@opentui/core-linux-arm64-musl": "0.5.1",
        "@opentui/core-linux-x64": "0.5.1",
        "@opentui/core-linux-x64-musl": "0.5.1",
        "@opentui/core-win32-arm64": "0.5.1",
        "@opentui/core-win32-x64": "0.5.1"
      },
      "peerDependencies": {
        "web-tree-sitter": "0.25.10"
      }
    },
    "node_modules/@opentui/core-darwin-arm64": {
      "version": "0.5.1",
      "resolved": "https://registry.npmjs.org/@opentui/core-darwin-arm64/-/core-darwin-arm64-0.5.1.tgz",
      "integrity": "sha512-Yl3JBLYRrBN+SxXY/gYaqCT/JNrN50K4xO7hYC+/Si8/FgOrBlbRmfJIUNQdZMMLUvOMA+I813+hDw3xfarBzQ==",
      "cpu": [
        "arm64"
      ],
      "license": "MIT",
      "optional": true,
      "os": [
        "darwin"
      ]
    },
    "node_modules/@opentui/core-darwin-x64": {
      "version": "0.5.1",
      "resolved": "https://registry.npmjs.org/@opentui/core-darwin-x64/-/core-darwin-x64-0.5.1.tgz",
      "integrity": "sha512-kqMVu+LGuHSCxYFkVJtmuyLLLTMztILSNnlx1eSpHHUiDV4PMc+zkxwRIXO+o0TFTW3gNUKleKUkggriYje7Vw==",
      "cpu": [
        "x64"
      ],
      "license": "MIT",
      "optional": true,
      "os": [
        "darwin"
      ]
    },
    "node_modules/@opentui/core-linux-arm64": {
      "version": "0.5.1",
      "resolved": "https://registry.npmjs.org/@opentui/core-linux-arm64/-/core-linux-arm64-0.5.1.tgz",
      "integrity": "sha512-PpE1nCHRkxEvSYyZFMToPHjQoVh50A7+BbgetlTX/5ImXzo6iSO83a+7M/1WgZnNu+uZJf5GZKAAcLoRrvQl3Q==",
      "cpu": [
        "arm64"
      ],
      "license": "MIT",
      "optional": true,
      "os": [
        "linux"
      ]
    },
    "node_modules/@opentui/core-linux-arm64-musl": {
      "version": "0.5.1",
      "resolved": "https://registry.npmjs.org/@opentui/core-linux-arm64-musl/-/core-linux-arm64-musl-0.5.1.tgz",
      "integrity": "sha512-rmFMtiCm8I0fESB834sTN/ewoI+QDSber588ZO+i08JR6mbv7hkiKW2H/MhiAY1GxGK4nXApleBMyGVOlVDvgQ==",
      "cpu": [
        "arm64"
      ],
      "libc": [
        "musl"
      ],
      "license": "MIT",
      "optional": true,
      "os": [
        "linux"
      ]
    },
    "node_modules/@opentui/core-linux-x64": {
      "version": "0.5.1",
      "resolved": "https://registry.npmjs.org/@opentui/core-linux-x64/-/core-linux-x64-0.5.1.tgz",
      "integrity": "sha512-/CxFxFv+ffMof2nYQrpgEfNkWKkKxYUSfwdt2RdDN5fZRhcxjE949743rV0Oovw5Az63qxPgbyfcZVNVO2HVNg==",
      "cpu": [
        "x64"
      ],
      "license": "MIT",
      "optional": true,
      "os": [
        "linux"
      ]
    },
    "node_modules/@opentui/core-linux-x64-musl": {
      "version": "0.5.1",
      "resolved": "https://registry.npmjs.org/@opentui/core-linux-x64-musl/-/core-linux-x64-musl-0.5.1.tgz",
      "integrity": "sha512-WO8RjhqKyqW/7P0xHdEVT8JGfU2MO7RlK0kdkNnRSnAEVwsTNd2ibhmKDPLGpo/DKaLuA00CsnrNiLGZZiQJKQ==",
      "cpu": [
        "x64"
      ],
      "libc": [
        "musl"
      ],
      "license": "MIT",
      "optional": true,
      "os": [
        "linux"
      ]
    },
    "node_modules/@opentui/core-win32-arm64": {
      "version": "0.5.1",
      "resolved": "https://registry.npmjs.org/@opentui/core-win32-arm64/-/core-win32-arm64-0.5.1.tgz",
      "integrity": "sha512-AgeTjZbdMxSiuBjyLvcug91qd1Ds6Dlg5z4lCInqL7mPQicDEnKZs5lF2FAaktcU7RPi2wLybbQ/vM0NbpXYmw==",
      "cpu": [
        "arm64"
      ],
      "license": "MIT",
      "optional": true,
      "os": [
        "win32"
      ]
    },
    "node_modules/@opentui/core-win32-x64": {
      "version": "0.5.1",
      "resolved": "https://registry.npmjs.org/@opentui/core-win32-x64/-/core-win32-x64-0.5.1.tgz",
      "integrity": "sha512-VttbQHVoZQ5uW5IcQeUHPEx/WFQ2mMflukhhbBjpNSdZOPdzmmC4QGFPQznJVwuzXTnjQ2Nll4AY0ROJ/Q3nkw==",
      "cpu": [
        "x64"
      ],
      "license": "MIT",
      "optional": true,
      "os": [
        "win32"
      ]
    },
    "node_modules/@simple-git/args-pathspec": {
      "version": "1.0.3",
      "resolved": "https://registry.npmjs.org/@simple-git/args-pathspec/-/args-pathspec-1.0.3.tgz",
      "integrity": "sha512-ngJMaHlsWDTfjyq9F3VIQ8b7NXbBLq5j9i5bJ6XLYtD6qlDXT7fdKY2KscWWUF8t18xx052Y/PUO1K1TRc9yKA==",
      "license": "MIT"
    },
    "node_modules/@simple-git/argv-parser": {
      "version": "1.1.1",
      "resolved": "https://registry.npmjs.org/@simple-git/argv-parser/-/argv-parser-1.1.1.tgz",
      "integrity": "sha512-Q9lBcfQ+VQCpQqGJFHe5yooOS5hGdLFFbJ5R+R5aDsnkPCahtn1hSkMcORX65J2Z5lxSkD0lQorMsncuBQxYUw==",
      "license": "MIT",
      "dependencies": {
        "@simple-git/args-pathspec": "^1.0.3"
      }
    },
    "node_modules/@types/bun": {
      "version": "1.3.6",
      "resolved": "https://registry.npmjs.org/@types/bun/-/bun-1.3.6.tgz",
      "integrity": "sha512-uWCv6FO/8LcpREhenN1d1b6fcspAB+cefwD7uti8C8VffIv0Um08TKMn98FynpTiU38+y2dUO55T11NgDt8VAA==",
      "dev": true,
      "license": "MIT",
      "dependencies": {
        "bun-types": "1.3.6"
      }
    },
    "node_modules/@types/node": {
      "version": "25.0.10",
      "dev": true,
      "license": "MIT",
      "dependencies": {
        "undici-types": "~7.16.0"
      }
    },
    "node_modules/ansi-regex": {
      "version": "6.2.2",
      "resolved": "https://registry.npmjs.org/ansi-regex/-/ansi-regex-6.2.2.tgz",
      "integrity": "sha512-Bq3SmSpyFHaWjPk8If9yc6svM8c56dB5BAtW4Qbw5jHTwwXXcTLoRMkpDJp6VL0XzlWaCHTXrkFURMYmD0sLqg==",
      "license": "MIT",
      "engines": {
        "node": ">=12"
      },
      "funding": {
        "url": "https://github.com/chalk/ansi-regex?sponsor=1"
      }
    },
    "node_modules/bun-ffi-structs": {
      "version": "0.3.1",
      "resolved": "https://registry.npmjs.org/bun-ffi-structs/-/bun-ffi-structs-0.3.1.tgz",
      "integrity": "sha512-3gM7PpVWLyrwxWjcilSiGuhWanhZivvo6l0u573NziPH6f/gwk6McbaYgn7oJWov6pKGRTDbrg94W5DcJsKTtQ==",
      "license": "MIT",
      "peerDependencies": {
        "typescript": "^5"
      }
    },
    "node_modules/bun-types": {
      "version": "1.3.6",
      "dev": true,
      "license": "MIT",
      "dependencies": {
        "@types/node": "*"
      }
    },
    "node_modules/commander": {
      "version": "13.1.0",
      "license": "MIT",
      "engines": {
        "node": ">=18"
      }
    },
    "node_modules/debug": {
      "version": "4.4.3",
      "license": "MIT",
      "dependencies": {
        "ms": "^2.1.3"
      },
      "engines": {
        "node": ">=6.0"
      },
      "peerDependenciesMeta": {
        "supports-color": {
          "optional": true
        }
      }
    },
    "node_modules/diff": {
      "version": "9.0.0",
      "resolved": "https://registry.npmjs.org/diff/-/diff-9.0.0.tgz",
      "integrity": "sha512-svtcdpS8CgJyqAjEQIXdb3OjhFVVYjzGAPO8WGCmRbrml64SPw/jJD4GoE98aR7r25A0XcgrK3F02yw9R/vhQw==",
      "license": "BSD-3-Clause",
      "engines": {
        "node": ">=0.3.1"
      }
    },
    "node_modules/emoji-regex": {
      "version": "10.6.0",
      "resolved": "https://registry.npmjs.org/emoji-regex/-/emoji-regex-10.6.0.tgz",
      "integrity": "sha512-toUI84YS5YmxW219erniWD0CIVOo46xGKColeNQRgOzDorgBi1v4D71/OFzgD9GO2UGKIv1C3Sp8DAn0+j5w7A==",
      "license": "MIT"
    },
    "node_modules/emscripten": {
      "version": "0.0.2-beta",
      "resolved": "https://registry.npmjs.org/emscripten/-/emscripten-0.0.2-beta.tgz",
      "integrity": "sha512-bckLzZ9n/GhNB4NwE23frASTc0hB7EyrY9ykys+Ou5wKupOROtEzkeWqxoGmWYQVNbidSW5UYsHwo8hhCuqbKg==",
      "hasInstallScript": true,
      "license": "MIT",
      "bin": {
        "emscripten": "index.js"
      }
    },
    "node_modules/gameboy-emulator": {
      "version": "1.1.2",
      "resolved": "https://registry.npmjs.org/gameboy-emulator/-/gameboy-emulator-1.1.2.tgz",
      "integrity": "sha512-T6h+J4yX4OpQsuQgWuDR5uk772qpnDiPtm1Pdp3Y1LdsEdTDqnhvqKm/ChbvJO6XxCanL7hm2MXlHD/PFJMvVA==",
      "license": "ISC"
    },
    "node_modules/get-east-asian-width": {
      "version": "1.6.0",
      "resolved": "https://registry.npmjs.org/get-east-asian-width/-/get-east-asian-width-1.6.0.tgz",
      "integrity": "sha512-QRbvDIbx6YklUe6RxeTeleMR0yv3cYH6PsPZHcnVn7xv7zO1BHN8r0XETu8n6Ye3Q+ahtSarc3WgtNWmehIBfA==",
      "license": "MIT",
      "engines": {
        "node": ">=18"
      },
      "funding": {
        "url": "https://github.com/sponsors/sindresorhus"
      }
    },
    "node_modules/marked": {
      "version": "17.0.1",
      "resolved": "https://registry.npmjs.org/marked/-/marked-17.0.1.tgz",
      "integrity": "sha512-boeBdiS0ghpWcSwoNm/jJBwdpFaMnZWRzjA6SkUMYb40SVaN1x7mmfGKp0jvexGcx+7y2La5zRZsYFZI6Qpypg==",
      "license": "MIT",
      "bin": {
        "marked": "bin/marked.js"
      },
      "engines": {
        "node": ">= 20"
      }
    },
    "node_modules/ms": {
      "version": "2.1.3",
      "license": "MIT"
    },
    "node_modules/opentui-gameboy": {
      "version": "0.1.0",
      "resolved": "https://registry.npmjs.org/opentui-gameboy/-/opentui-gameboy-0.1.0.tgz",
      "integrity": "sha512-OhrVfywEfWu+n1v8gc0Vvte/EiqFOguO+4ezZX+EkbjBwpnRHIR0uzd8VwYkFi6KDwfby0xur0wzvGbPE8rAuA==",
      "license": "MIT",
      "dependencies": {
        "serverboy": "^0.0.7"
      },
      "peerDependencies": {
        "@opentui/core": ">=0.1.75"
      }
    },
    "node_modules/picocolors": {
      "version": "1.1.1",
      "license": "ISC"
    },
    "node_modules/serverboy": {
      "version": "0.0.7",
      "resolved": "https://registry.npmjs.org/serverboy/-/serverboy-0.0.7.tgz",
      "integrity": "sha512-Ghisf4cx60q0hmR5LbsNybvWJICGSCyrktTB4v6f6AlmIL/mwAuua6kYMbPc+uowAEyDy7Sn7ZawlF2RjJK1dg==",
      "license": "GPL 2"
    },
    "node_modules/simple-git": {
      "version": "3.36.0",
      "resolved": "https://registry.npmjs.org/simple-git/-/simple-git-3.36.0.tgz",
      "integrity": "sha512-cGQjLjK8bxJw4QuYT7gxHw3/IouVESbhahSsHrX97MzCL1gu2u7oy38W6L2ZIGECEfIBG4BabsWDPjBxJENv9Q==",
      "license": "MIT",
      "dependencies": {
        "@kwsites/file-exists": "^1.1.1",
        "@kwsites/promise-deferred": "^1.1.1",
        "@simple-git/args-pathspec": "^1.0.3",
        "@simple-git/argv-parser": "^1.1.0",
        "debug": "^4.4.0"
      },
      "funding": {
        "type": "github",
        "url": "https://github.com/steveukx/git-js?sponsor=1"
      }
    },
    "node_modules/string-width": {
      "version": "7.2.0",
      "resolved": "https://registry.npmjs.org/string-width/-/string-width-7.2.0.tgz",
      "integrity": "sha512-tsaTIkKW9b4N+AEj+SVA+WhJzV7/zMhcSu78mLKWSk7cXMOSHsBKFWUs0fWwq8QyK3MgJBQRX6Gbi4kYbdvGkQ==",
      "license": "MIT",
      "dependencies": {
        "emoji-regex": "^10.3.0",
        "get-east-asian-width": "^1.0.0",
        "strip-ansi": "^7.1.0"
      },
      "engines": {
        "node": ">=18"
      },
      "funding": {
        "url": "https://github.com/sponsors/sindresorhus"
      }
    },
    "node_modules/strip-ansi": {
      "version": "7.1.2",
      "resolved": "https://registry.npmjs.org/strip-ansi/-/strip-ansi-7.1.2.tgz",
      "integrity": "sha512-gmBGslpoQJtgnMAvOVqGZpEz9dyoKTCzy2nfz/n8aIFhN/jCE/rCmcxabB6jOOHV+0WNnylOxaxBQPSvcWklhA==",
      "license": "MIT",
      "dependencies": {
        "ansi-regex": "^6.0.1"
      },
      "engines": {
        "node": ">=12"
      },
      "funding": {
        "url": "https://github.com/chalk/strip-ansi?sponsor=1"
      }
    },
    "node_modules/typescript": {
      "version": "5.9.3",
      "resolved": "https://registry.npmjs.org/typescript/-/typescript-5.9.3.tgz",
      "integrity": "sha512-jl1vZzPDinLr9eUt3J/t7V6FgNEw9QjvBPdysz9KfQDD41fQrC2Y4vKQdiaUpFT4bXlb1RHhLpp8wtm6M5TgSw==",
      "license": "Apache-2.0",
      "bin": {
        "tsc": "bin/tsc",
        "tsserver": "bin/tsserver"
      },
      "engines": {
        "node": ">=14.17"
      }
    },
    "node_modules/undici-types": {
      "version": "7.16.0",
      "dev": true,
      "license": "MIT"
    },
    "node_modules/web-tree-sitter": {
      "version": "0.25.10",
      "resolved": "https://registry.npmjs.org/web-tree-sitter/-/web-tree-sitter-0.25.10.tgz",
      "integrity": "sha512-Y09sF44/13XvgVKgO2cNDw5rGk6s26MgoZPXLESvMXeefBf7i6/73eFurre0IsTW6E14Y0ArIzhUMmjoc7xyzA==",
      "license": "MIT",
      "peer": true,
      "peerDependencies": {
        "@types/emscripten": "^1.40.0"
      },
      "peerDependenciesMeta": {
        "@types/emscripten": {
          "optional": true
        }
      }
    },
    "node_modules/yaml": {
      "version": "2.8.3",
      "resolved": "https://registry.npmjs.org/yaml/-/yaml-2.8.3.tgz",
      "integrity": "sha512-AvbaCLOO2Otw/lW5bmh9d/WEdcDFdQp2Z2ZUH3pX9U2ihyUY0nvLv7J6TrWowklRGPYbB/IuIMfYgxaCPg5Bpg==",
      "license": "ISC",
      "bin": {
        "yaml": "bin.mjs"
      },
      "engines": {
        "node": ">= 14.6"
      },
      "funding": {
        "url": "https://github.com/sponsors/eemeli"
      }
    },
    "node_modules/zod": {
      "version": "3.25.76",
      "license": "MIT",
      "funding": {
        "url": "https://github.com/sponsors/colinhacks"
      }
    }
  }
}
